<?xml version="1.0" encoding="utf-8"?>
<Project ToolsVersion="4.0" xmlns="http://schemas.microsoft.com/developer/msbuild/2003">
  <ItemGroup>
    <Filter Include="Source Files">
      <UniqueIdentifier>{4FC737F1-C7A5-4376-A066-2A32D752A2FF}</UniqueIdentifier>
      <Extensions>cpp;c;cc;cxx;c++;def;odl;idl;hpj;bat;asm;asmx</Extensions>
    </Filter>
    <Filter Include="Header Files">
      <UniqueIdentifier>{93995380-89BD-4b04-88EB-625FBE52EBFB}</UniqueIdentifier>
      <Extensions>h;hh;hpp;hxx;h++;hm;inl;inc;ipp;xsd</Extensions>
    </Filter>
    <Filter Include="Resource Files">
      <UniqueIdentifier>{67DA6AB6-F800-4c08-8B7A-83BB121AAD01}</UniqueIdentifier>
      <Extensions>rc;ico;cur;bmp;dlg;rc2;rct;bin;rgs;gif;jpg;jpeg;jpe;resx;tiff;tif;png;wav;mfcribbon-ms</Extensions>
    </Filter>
    <Filter Include="Shaders">
      <UniqueIdentifier>{dc7e92b3-c12e-4fd1-83a0-9425410443df}</UniqueIdentifier>
    </Filter>
    <Filter Include="Header Files\UserInterface">
      <UniqueIdentifier>{c4111fcc-a6ee-4811-857c-cbf0bcf437e0}</UniqueIdentifier>
    </Filter>
    <Filter Include="Source Files\Animation">
      <UniqueIdentifier>{8f4c485a-9fbf-4827-b5cf-ab684cb41cf1}</UniqueIdentifier>
    </Filter>
    <Filter Include="Header Files\Animation">
      <UniqueIdentifier>{80a8e286-581e-4491-aa79-97151b1c1687}</UniqueIdentifier>
    </Filter>
    <Filter Include="Shaders\ScreenEffects">
      <UniqueIdentifier>{f0997035-0223-4a51-8462-18fb413b1d41}</UniqueIdentifier>
    </Filter>
    <Filter Include="Source Files\UserInterface">
      <UniqueIdentifier>{bc358414-963c-4b6a-b4b3-aba8af46575c}</UniqueIdentifier>
    </Filter>
  </ItemGroup>
  <ItemGroup>
    <ClCompile Include="Main.cpp">
      <Filter>Source Files</Filter>
    </ClCompile>
    <ClCompile Include="IceSkater.cpp">
      <Filter>Source Files</Filter>
    </ClCompile>
    <ClCompile Include="Input.cpp">
      <Filter>Source Files</Filter>
    </ClCompile>
    <ClCompile Include="Model.cpp">
      <Filter>Source Files</Filter>
    </ClCompile>
    <ClCompile Include="Penguin.cpp">
      <Filter>Source Files</Filter>
    </ClCompile>
    <ClCompile Include="Shader.cpp">
      <Filter>Source Files</Filter>
    </ClCompile>
    <ClCompile Include="stb_image.cpp">
      <Filter>Source Files</Filter>
    </ClCompile>
    <ClCompile Include="tiny_gltf.cpp">
      <Filter>Source Files</Filter>
    </ClCompile>
    <ClCompile Include="Window.cpp">
      <Filter>Source Files</Filter>
    </ClCompile>
    <ClCompile Include="Camera.cpp">
      <Filter>Source Files</Filter>
    </ClCompile>
    <ClCompile Include="Game.cpp">
      <Filter>Source Files</Filter>
    </ClCompile>
    <ClCompile Include="glad.c">
      <Filter>Source Files</Filter>
    </ClCompile>
    <ClCompile Include="IceRink.cpp">
      <Filter>Source Files</Filter>
    </ClCompile>
    <ClCompile Include="ModelNoTexture.cpp">
      <Filter>Source Files</Filter>
    </ClCompile>
    <ClCompile Include="FrameTimer.cpp">
      <Filter>Source Files</Filter>
    </ClCompile>
    <ClCompile Include="AnimatedModel.cpp">
      <Filter>Source Files\Animation</Filter>
    </ClCompile>
    <ClCompile Include="GLTFData.cpp">
      <Filter>Source Files\Animation</Filter>
    </ClCompile>
    <ClCompile Include="IceSkaterCollider.cpp">
      <Filter>Source Files</Filter>
    </ClCompile>
    <ClCompile Include="JointAttachment.cpp">
      <Filter>Source Files</Filter>
    </ClCompile>
    <ClCompile Include="Spawner.cpp">
      <Filter>Source Files</Filter>
    </ClCompile>
    <ClCompile Include="EliMath.cpp">
      <Filter>Source Files</Filter>
    </ClCompile>
    <ClCompile Include="SaveFile.cpp">
      <Filter>Source Files</Filter>
    </ClCompile>
    <ClCompile Include="AudioManager.cpp">
      <Filter>Source Files</Filter>
    </ClCompile>
    <ClCompile Include="AudioSource.cpp">
      <Filter>Source Files</Filter>
    </ClCompile>
    <ClCompile Include="WAVLoader.cpp">
      <Filter>Source Files</Filter>
    </ClCompile>
    <ClCompile Include="UIButton.cpp">
      <Filter>Source Files\UserInterface</Filter>
    </ClCompile>
    <ClCompile Include="UINumberDisplay.cpp">
      <Filter>Source Files\UserInterface</Filter>
    </ClCompile>
    <ClCompile Include="UserInterface.cpp">
      <Filter>Source Files\UserInterface</Filter>
    </ClCompile>
    <ClCompile Include="FishingPenguin.cpp">
      <Filter>Source Files</Filter>
    </ClCompile>
    <ClCompile Include="CircleCollider.cpp">
      <Filter>Source Files</Filter>
    </ClCompile>
    <ClCompile Include="Light.cpp">
      <Filter>Source Files</Filter>
    </ClCompile>
    <ClCompile Include="ScreenQuad.cpp">
      <Filter>Source Files</Filter>
    </ClCompile>
    <ClCompile Include="ScreenEffect.cpp">
      <Filter>Source Files</Filter>
    </ClCompile>
    <ClCompile Include="PenguinDresser.cpp">
      <Filter>Source Files</Filter>
    </ClCompile>
    <ClCompile Include="AnimatedJointAttachment.cpp">
      <Filter>Source Files</Filter>
    </ClCompile>
    <ClCompile Include="PenguinStack.cpp">
      <Filter>Source Files</Filter>
    </ClCompile>
    <ClCompile Include="Collectible.cpp">
      <Filter>Source Files</Filter>
    </ClCompile>
    <ClCompile Include="HomingPenguin.cpp">
      <Filter>Source Files</Filter>
    </ClCompile>
    <ClCompile Include="PenguinWarning.cpp">
      <Filter>Source Files</Filter>
    </ClCompile>
    <ClCompile Include="MIDILoader.cpp">
      <Filter>Source Files</Filter>
    </ClCompile>
    <ClCompile Include="MIDIPlayer.cpp">
      <Filter>Source Files</Filter>
    </ClCompile>
    <ClCompile Include="Choir.cpp">
      <Filter>Source Files</Filter>
    </ClCompile>
    <ClCompile Include="SmokeEffect.cpp">
      <Filter>Source Files</Filter>
    </ClCompile>
    <ClCompile Include="SmokeMachine.cpp">
      <Filter>Source Files</Filter>
    </ClCompile>
  </ItemGroup>
  <ItemGroup>
    <ClInclude Include="Penguin.h">
      <Filter>Header Files</Filter>
    </ClInclude>
    <ClInclude Include="Shader.h">
      <Filter>Header Files</Filter>
    </ClInclude>
    <ClInclude Include="stb_image.h">
      <Filter>Header Files</Filter>
    </ClInclude>
    <ClInclude Include="tiny_gltf.h">
      <Filter>Header Files</Filter>
    </ClInclude>
    <ClInclude Include="Window.h">
      <Filter>Header Files</Filter>
    </ClInclude>
    <ClInclude Include="Camera.h">
      <Filter>Header Files</Filter>
    </ClInclude>
    <ClInclude Include="Game.h">
      <Filter>Header Files</Filter>
    </ClInclude>
    <ClInclude Include="IceSkater.h">
      <Filter>Header Files</Filter>
    </ClInclude>
    <ClInclude Include="Input.h">
      <Filter>Header Files</Filter>
    </ClInclude>
    <ClInclude Include="json.hpp">
      <Filter>Header Files</Filter>
    </ClInclude>
    <ClInclude Include="Model.h">
      <Filter>Header Files</Filter>
    </ClInclude>
    <ClInclude Include="AnimatedModel.h">
      <Filter>Header Files\Animation</Filter>
    </ClInclude>
    <ClInclude Include="Joint.h">
      <Filter>Header Files\Animation</Filter>
    </ClInclude>
    <ClInclude Include="KeyFrame.h">
      <Filter>Header Files\Animation</Filter>
    </ClInclude>
    <ClInclude Include="JointTransform.h">
      <Filter>Header Files\Animation</Filter>
    </ClInclude>
    <ClInclude Include="GLTFData.h">
      <Filter>Header Files\Animation</Filter>
    </ClInclude>
    <ClInclude Include="IceRink.h">
      <Filter>Header Files</Filter>
    </ClInclude>
    <ClInclude Include="ModelNoTexture.h">
      <Filter>Header Files</Filter>
    </ClInclude>
    <ClInclude Include="FrameTimer.h">
      <Filter>Header Files</Filter>
    </ClInclude>
    <ClInclude Include="UIButton.h">
      <Filter>Header Files\UserInterface</Filter>
    </ClInclude>
    <ClInclude Include="UserInterface.h">
      <Filter>Header Files\UserInterface</Filter>
    </ClInclude>
    <ClInclude Include="IceSkaterCollider.h">
      <Filter>Header Files</Filter>
    </ClInclude>
    <ClInclude Include="JointAttachment.h">
      <Filter>Header Files</Filter>
    </ClInclude>
    <ClInclude Include="Spawner.h">
      <Filter>Header Files</Filter>
    </ClInclude>
    <ClInclude Include="EliMath.h">
      <Filter>Header Files</Filter>
    </ClInclude>
    <ClInclude Include="UINumberDisplay.h">
      <Filter>Header Files\UserInterface</Filter>
    </ClInclude>
    <ClInclude Include="SaveFile.h">
      <Filter>Header Files</Filter>
    </ClInclude>
    <ClInclude Include="AudioManager.h">
      <Filter>Header Files</Filter>
    </ClInclude>
    <ClInclude Include="AudioSource.h">
      <Filter>Header Files</Filter>
    </ClInclude>
    <ClInclude Include="WAVLoader.h">
      <Filter>Header Files</Filter>
    </ClInclude>
    <ClInclude Include="FishingPenguin.h">
      <Filter>Header Files</Filter>
    </ClInclude>
    <ClInclude Include="CircleCollider.h">
      <Filter>Header Files</Filter>
    </ClInclude>
    <ClInclude Include="Light.h">
      <Filter>Header Files</Filter>
    </ClInclude>
    <ClInclude Include="ScreenQuad.h">
      <Filter>Header Files</Filter>
    </ClInclude>
    <ClInclude Include="GlGetError.h">
      <Filter>Header Files</Filter>
    </ClInclude>
    <ClInclude Include="ScreenEffect.h">
      <Filter>Header Files</Filter>
    </ClInclude>
    <ClInclude Include="PenguinDresser.h">
      <Filter>Header Files</Filter>
    </ClInclude>
    <ClInclude Include="AnimatedJointAttachment.h">
      <Filter>Header Files</Filter>
    </ClInclude>
    <ClInclude Include="PenguinStack.h">
      <Filter>Header Files</Filter>
    </ClInclude>
    <ClInclude Include="Collectible.h">
      <Filter>Header Files</Filter>
    </ClInclude>
    <ClInclude Include="HomingPenguin.h">
      <Filter>Header Files</Filter>
    </ClInclude>
    <ClInclude Include="PenguinWarning.h">
      <Filter>Header Files\UserInterface</Filter>
    </ClInclude>
    <ClInclude Include="MIDILoader.h">
      <Filter>Header Files</Filter>
    </ClInclude>
    <ClInclude Include="MIDIPlayer.h">
      <Filter>Header Files</Filter>
    </ClInclude>
    <ClInclude Include="Choir.h">
      <Filter>Header Files</Filter>
    </ClInclude>
    <ClInclude Include="SmokeEffect.h">
      <Filter>Header Files</Filter>
    </ClInclude>
    <ClInclude Include="SmokeMachine.h">
      <Filter>Header Files</Filter>
    </ClInclude>
  </ItemGroup>
  <ItemGroup>
    <None Include="Shaders\CelShader.frag">
      <Filter>Shaders</Filter>
    </None>
    <None Include="Shaders\CelShader.vert">
      <Filter>Shaders</Filter>
    </None>
    <None Include="Shaders\AnimationCelShader.vert">
      <Filter>Shaders</Filter>
    </None>
    <None Include="Shaders\UIShader.frag">
      <Filter>Shaders</Filter>
    </None>
    <None Include="Shaders\UIShader.vert">
      <Filter>Shaders</Filter>
    </None>
    <None Include="Shaders\NumberShader.frag">
      <Filter>Shaders</Filter>
    </None>
    <None Include="Shaders\NumberShader.vert">
      <Filter>Shaders</Filter>
    </None>
    <None Include="Shaders\DepthOnly.vert">
      <Filter>Shaders</Filter>
    </None>
    <None Include="Shaders\DepthOnlyAnimation.vert">
      <Filter>Shaders</Filter>
    </None>
    <None Include="Shaders\DepthOnly.frag">
      <Filter>Shaders</Filter>
    </None>
    <None Include="Shaders\DepthOnly.geom">
      <Filter>Shaders</Filter>
    </None>
    <None Include="Shaders\NoTextureShader.frag">
      <Filter>Shaders</Filter>
    </None>
    <None Include="Shaders\NoTextureShader.vert">
      <Filter>Shaders</Filter>
    </None>
    <None Include="Shaders\SmoothShader.frag">
      <Filter>Shaders</Filter>
    </None>
    <None Include="Shaders\SmoothShader.vert">
      <Filter>Shaders</Filter>
    </None>
    <None Include="Shaders\PassToScreen.frag">
      <Filter>Shaders\ScreenEffects</Filter>
    </None>
    <None Include="Shaders\PassToFragBackground.vert">
      <Filter>Shaders\ScreenEffects</Filter>
    </None>
    <None Include="Shaders\FlashEffect.frag">
      <Filter>Shaders\ScreenEffects</Filter>
    </None>
    <None Include="Shaders\SmoothBright.frag">
      <Filter>Shaders</Filter>
    </None>
    <None Include="Shaders\IceShader.frag">
      <Filter>Shaders</Filter>
    </None>
    <None Include="Shaders\AudienceCelShader.frag">
      <Filter>Shaders</Filter>
    </None>
    <None Include="Shaders\PenguinWarning.vert">
      <Filter>Shaders</Filter>
    </None>
    <None Include="Shaders\PenguinWarning.frag">
      <Filter>Shaders</Filter>
    </None>
    <None Include="Shaders\Surroundings.frag">
      <Filter>Shaders</Filter>
    </None>
    <None Include="Shaders\Background.frag">
      <Filter>Shaders</Filter>
    </None>
    <None Include="Shaders\SmokeAnimation.frag">
      <Filter>Shaders</Filter>
    </None>
    <None Include="Shaders\SmokeAnimation.vert">
      <Filter>Shaders</Filter>
    </None>
  </ItemGroup>
</Project>